
Microsoft Visual Studio Solution File, Format Version 12.00
# Visual Studio Version 16
VisualStudioVersion = 16.0.32228.343
MinimumVisualStudioVersion = 10.0.40219.1
Project("{FAE04EC0-301F-11D3-BF4B-00C04F79EFBC}") = "RevitAPI_HW_6", "RevitAPI_HW_6\RevitAPI_HW_6.csproj", "{550980DE-B0A1-4F72-8E26-BE1AD108705B}"
EndProject
Global
	GlobalSection(SolutionConfigurationPlatforms) = preSolution
		Debug|Any CPU = Debug|Any CPU
		Release|Any CPU = Release|Any CPU
	EndGlobalSection
	GlobalSection(ProjectConfigurationPlatforms) = postSolution
		{550980DE-B0A1-4F72-8E26-BE1AD108705B}.Debug|Any CPU.ActiveCfg = Debug|Any CPU
		{550980DE-B0A1-4F72-8E26-BE1AD108705B}.Debug|Any CPU.Build.0 = Debug|Any CPU
		{550980DE-B0A1-4F72-8E26-BE1AD108705B}.Release|Any CPU.ActiveCfg = Release|Any CPU
		{550980DE-B0A1-4F72-8E26-BE1AD108705B}.Release|Any CPU.Build.0 = Release|Any CPU
	EndGlobalSection
	GlobalSection(SolutionProperties) = preSolution
		HideSolutionNode = FALSE
	EndGlobalSection
	GlobalSection(ExtensibilityGlobals) = postSolution
		SolutionGuid = {D5348F3F-4F66-448E-8E05-7FFBE24CD7AE}
	EndGlobalSection
EndGlobal
